
Microsoft Visual Studio Solution File, Format Version 12.00
# Visual Studio Version 17
VisualStudioVersion = 17.11.35303.130
MinimumVisualStudioVersion = 10.0.40219.1
Project("{FAE04EC0-301F-11D3-BF4B-00C04F79EFBC}") = "OOPGyakorlas", "OOPGyakorlas\OOPGyakorlas.csproj", "{3CFE9069-D8D7-4316-ADD1-0B6363DA227B}"
EndProject
Global
	GlobalSection(SolutionConfigurationPlatforms) = preSolution
		Debug|Any CPU = Debug|Any CPU
		Release|Any CPU = Release|Any CPU
	EndGlobalSection
	GlobalSection(ProjectConfigurationPlatforms) = postSolution
		{3CFE9069-D8D7-4316-ADD1-0B6363DA227B}.Debug|Any CPU.ActiveCfg = Debug|Any CPU
		{3CFE9069-D8D7-4316-ADD1-0B6363DA227B}.Debug|Any CPU.Build.0 = Debug|Any CPU
		{3CFE9069-D8D7-4316-ADD1-0B6363DA227B}.Release|Any CPU.ActiveCfg = Release|Any CPU
		{3CFE9069-D8D7-4316-ADD1-0B6363DA227B}.Release|Any CPU.Build.0 = Release|Any CPU
	EndGlobalSection
	GlobalSection(SolutionProperties) = preSolution
		HideSolutionNode = FALSE
	EndGlobalSection
	GlobalSection(ExtensibilityGlobals) = postSolution
		SolutionGuid = {AEA94CD2-4D4D-414C-A6D2-5657C48B4CF7}
	EndGlobalSection
EndGlobal
